
Microsoft Visual Studio Solution File, Format Version 12.00
# Visual Studio Version 17
VisualStudioVersion = 17.0.32002.185
MinimumVisualStudioVersion = 10.0.40219.1
Project("{FAE04EC0-301F-11D3-BF4B-00C04F79EFBC}") = "SephiraBundle-Se21341", "SephiraBundle-Se21341\SephiraBundle-Se21341.csproj", "{4A829886-0565-4C09-BB06-1812DC68E1FC}"
EndProject
Project("{FAE04EC0-301F-11D3-BF4B-00C04F79EFBC}") = "Angela-Se21341", "Angela-Se21341\Angela-Se21341.csproj", "{F1775236-9E1F-4DEC-83F1-10F39F27E5B0}"
EndProject
Global
	GlobalSection(SolutionConfigurationPlatforms) = preSolution
		Debug|Any CPU = Debug|Any CPU
		Release|Any CPU = Release|Any CPU
	EndGlobalSection
	GlobalSection(ProjectConfigurationPlatforms) = postSolution
		{4A829886-0565-4C09-BB06-1812DC68E1FC}.Debug|Any CPU.ActiveCfg = Debug|Any CPU
		{4A829886-0565-4C09-BB06-1812DC68E1FC}.Debug|Any CPU.Build.0 = Debug|Any CPU
		{4A829886-0565-4C09-BB06-1812DC68E1FC}.Release|Any CPU.ActiveCfg = Release|Any CPU
		{4A829886-0565-4C09-BB06-1812DC68E1FC}.Release|Any CPU.Build.0 = Release|Any CPU
		{F1775236-9E1F-4DEC-83F1-10F39F27E5B0}.Debug|Any CPU.ActiveCfg = Debug|Any CPU
		{F1775236-9E1F-4DEC-83F1-10F39F27E5B0}.Debug|Any CPU.Build.0 = Debug|Any CPU
		{F1775236-9E1F-4DEC-83F1-10F39F27E5B0}.Release|Any CPU.ActiveCfg = Release|Any CPU
		{F1775236-9E1F-4DEC-83F1-10F39F27E5B0}.Release|Any CPU.Build.0 = Release|Any CPU
	EndGlobalSection
	GlobalSection(SolutionProperties) = preSolution
		HideSolutionNode = FALSE
	EndGlobalSection
	GlobalSection(ExtensibilityGlobals) = postSolution
		SolutionGuid = {9EEF557D-F3A6-4954-8CA4-006C0A06A7FA}
	EndGlobalSection
EndGlobal
